
Microsoft Visual Studio Solution File, Format Version 12.00
# Visual Studio Version 16
VisualStudioVersion = 16.0.32428.217
MinimumVisualStudioVersion = 10.0.40219.1
Project("{FAE04EC0-301F-11D3-BF4B-00C04F79EFBC}") = "Final", "Final\Final.csproj", "{60D3B88A-1761-45D9-B337-93910C518169}"
EndProject
Global
	GlobalSection(SolutionConfigurationPlatforms) = preSolution
		Debug|Any CPU = Debug|Any CPU
		Release|Any CPU = Release|Any CPU
	EndGlobalSection
	GlobalSection(ProjectConfigurationPlatforms) = postSolution
		{60D3B88A-1761-45D9-B337-93910C518169}.Debug|Any CPU.ActiveCfg = Debug|Any CPU
		{60D3B88A-1761-45D9-B337-93910C518169}.Debug|Any CPU.Build.0 = Debug|Any CPU
		{60D3B88A-1761-45D9-B337-93910C518169}.Release|Any CPU.ActiveCfg = Release|Any CPU
		{60D3B88A-1761-45D9-B337-93910C518169}.Release|Any CPU.Build.0 = Release|Any CPU
	EndGlobalSection
	GlobalSection(SolutionProperties) = preSolution
		HideSolutionNode = FALSE
	EndGlobalSection
	GlobalSection(ExtensibilityGlobals) = postSolution
		SolutionGuid = {A7E94E30-59BB-44DD-8E43-E0DFDC416DF2}
	EndGlobalSection
EndGlobal
